
Microsoft Visual Studio Solution File, Format Version 12.00
# Visual Studio Version 16
VisualStudioVersion = 16.0.810.6
MinimumVisualStudioVersion = 10.0.40219.1
Project("{FAE04EC0-301F-11D3-BF4B-00C04F79EFBC}") = "AddressBook", "AddressBook\AddressBook.csproj", "{DDF7849F-FAC6-4E94-A16C-B29CEAE35B7C}"
EndProject
Global
	GlobalSection(SolutionConfigurationPlatforms) = preSolution
		Debug|Any CPU = Debug|Any CPU
		Release|Any CPU = Release|Any CPU
	EndGlobalSection
	GlobalSection(ProjectConfigurationPlatforms) = postSolution
		{DDF7849F-FAC6-4E94-A16C-B29CEAE35B7C}.Debug|Any CPU.ActiveCfg = Debug|Any CPU
		{DDF7849F-FAC6-4E94-A16C-B29CEAE35B7C}.Debug|Any CPU.Build.0 = Debug|Any CPU
		{DDF7849F-FAC6-4E94-A16C-B29CEAE35B7C}.Release|Any CPU.ActiveCfg = Release|Any CPU
		{DDF7849F-FAC6-4E94-A16C-B29CEAE35B7C}.Release|Any CPU.Build.0 = Release|Any CPU
	EndGlobalSection
	GlobalSection(SolutionProperties) = preSolution
		HideSolutionNode = FALSE
	EndGlobalSection
	GlobalSection(ExtensibilityGlobals) = postSolution
		SolutionGuid = {E125976D-E764-488A-9142-D70CA382B52A}
	EndGlobalSection
EndGlobal
